PODS:
  - Nimble (9.2.1)
  - Nimble-SnapshotTesting (0.2.0):
    - Nimble
    - SnapshotTesting
  - Quick (3.0.1)
  - SnapshotTesting (1.9.0)

DEPENDENCIES:
  - Nimble (~> 9.2.1)
  - Nimble-SnapshotTesting (from `../`)
  - Quick (~> 3.0.0)
  - SnapshotTesting

SPEC REPOS:
  trunk:
    - Nimble
    - Quick
    - SnapshotTesting

EXTERNAL SOURCES:
  Nimble-SnapshotTesting:
    :path: "../"

SPEC CHECKSUMS:
  Nimble: e7e615c0335ee4bf5b0d786685451e62746117d5
  Nimble-SnapshotTesting: 081310fcaeb0a0b1f675a48314595b22e26f8786
  Quick: 947834f0d0f43fc933d0e9dd00086a76e783e4fb
  SnapshotTesting: 6141c48b6aa76ead61431ca665c14ab9a066c53b

PODFILE CHECKSUM: 18ef6e3dc81cdc1d5c7d271841a83908fef6b592

COCOAPODS: 1.11.3
