PODS:
  - Nimble (13.0.0-rc.1)
  - Nimble-SnapshotTesting (4.0.0):
    - Nimble (~> 13.0.0-rc.1)
    - SnapshotTesting
  - Quick (7.0.2)
  - SnapshotTesting (1.9.0)

DEPENDENCIES:
  - Nimble (~> 13.0.0-rc.1)
  - Nimble-SnapshotTesting (from `../`)
  - Quick (~> 7)
  - SnapshotTesting

SPEC REPOS:
  trunk:
    - Nimble
    - Quick
    - SnapshotTesting

EXTERNAL SOURCES:
  Nimble-SnapshotTesting:
    :path: "../"

SPEC CHECKSUMS:
  Nimble: 9e813baef634765389498c67a65936a077692762
  Nimble-SnapshotTesting: 4ec38a4db9f74ef307f7b99230d6f54905f38c58
  Quick: efab97aca76d60be86c15daa533b2cdfbe1a74d3
  SnapshotTesting: 6141c48b6aa76ead61431ca665c14ab9a066c53b

PODFILE CHECKSUM: 3ddd81a21aea80a3722815fc2842a2be2f60168e

COCOAPODS: 1.13.0
