PODS:
  - Nimble (12.0.1)
  - Nimble-SnapshotTesting (2.0.1):
    - Nimble
    - SnapshotTesting
  - Quick (7.0.2)
  - SnapshotTesting (1.9.0)

DEPENDENCIES:
  - Nimble (~> 12)
  - Nimble-SnapshotTesting (from `../`)
  - Quick (~> 7)
  - SnapshotTesting

SPEC REPOS:
  trunk:
    - Nimble
    - Quick
    - SnapshotTesting

EXTERNAL SOURCES:
  Nimble-SnapshotTesting:
    :path: "../"

SPEC CHECKSUMS:
  Nimble: b279b3ca9e094508778aab5c76417be158d3ad04
  Nimble-SnapshotTesting: 70787bbe3a271e94476a32a145209e0b53409b93
  Quick: efab97aca76d60be86c15daa533b2cdfbe1a74d3
  SnapshotTesting: 6141c48b6aa76ead61431ca665c14ab9a066c53b

PODFILE CHECKSUM: 0a0ba5d1feaf92d165e27cb7d51e9ba28caab8f8

COCOAPODS: 1.12.1
