{
  "object": {
    "pins": [
      {
        "package": "CwlCatchException",
        "repositoryURL": "https://github.com/mattgallagher/CwlCatchException.git",
        "state": {
          "branch": null,
          "revision": "35f9e770f54ce62dd8526470f14c6e137cef3eea",
          "version": "2.1.1"
        }
      },
      {
        "package": "CwlPreconditionTesting",
        "repositoryURL": "https://github.com/mattgallagher/CwlPreconditionTesting.git",
        "state": {
          "branch": null,
          "revision": "c21f7bab5ca8eee0a9998bbd17ca1d0eb45d4688",
          "version": "2.1.0"
        }
      },
      {
        "package": "Nimble",
        "repositoryURL": "https://github.com/Quick/Nimble.git",
        "state": {
          "branch": null,
          "revision": "d616f15123bfb36db1b1075153f73cf40605b39d",
          "version": "13.0.0"
        }
      },
      {
        "package": "swift-snapshot-testing",
        "repositoryURL": "https://github.com/pointfreeco/swift-snapshot-testing.git",
        "state": {
          "branch": null,
          "revision": "d2341adf332dc7341b4acad8761dff65e905d63c",
          "version": "1.16.2"
        }
      },
      {
        "package": "swift-syntax",
        "repositoryURL": "https://github.com/apple/swift-syntax",
        "state": {
          "branch": null,
          "revision": "515f79b522918f83483068d99c68daeb5116342d",
          "version": "600.0.0-prerelease-2024-08-20"
        }
      }
    ]
  },
  "version": 1
}
