{
  "object": {
    "pins": [
      {
        "package": "CwlCatchException",
        "repositoryURL": "https://github.com/mattgallagher/CwlCatchException.git",
        "state": {
          "branch": null,
          "revision": "3ef6999c73b6938cc0da422f2c912d0158abb0a0",
          "version": "2.2.0"
        }
      },
      {
        "package": "CwlPreconditionTesting",
        "repositoryURL": "https://github.com/mattgallagher/CwlPreconditionTesting.git",
        "state": {
          "branch": null,
          "revision": "2ef56b2caf25f55fa7eef8784c30d5a767550f54",
          "version": "2.2.1"
        }
      },
      {
        "package": "Nimble",
        "repositoryURL": "https://github.com/Quick/Nimble.git",
        "state": {
          "branch": null,
          "revision": "54b4e52183f16fe806014cbfd63718a84f8ba072",
          "version": "13.4.0"
        }
      },
      {
        "package": "swift-snapshot-testing",
        "repositoryURL": "https://github.com/pointfreeco/swift-snapshot-testing.git",
        "state": {
          "branch": null,
          "revision": "6d932a79e7173b275b96c600c86c603cf84f153c",
          "version": "1.17.4"
        }
      },
      {
        "package": "swift-syntax",
        "repositoryURL": "https://github.com/swiftlang/swift-syntax",
        "state": {
          "branch": null,
          "revision": "515f79b522918f83483068d99c68daeb5116342d",
          "version": "600.0.0-prerelease-2024-08-20"
        }
      }
    ]
  },
  "version": 1
}
